
Microsoft Visual Studio Solution File, Format Version 12.00
# Visual Studio Version 16
VisualStudioVersion = 16.0.31702.278
MinimumVisualStudioVersion = 10.0.40219.1
Project("{FAE04EC0-301F-11D3-BF4B-00C04F79EFBC}") = "DPS_926_Assignment_1.Android", "DPS_926_Assignment_1\DPS_926_Assignment_1.Android\DPS_926_Assignment_1.Android.csproj", "{05ADA766-E369-42FC-B36F-9945FA17D5D4}"
EndProject
Project("{FAE04EC0-301F-11D3-BF4B-00C04F79EFBC}") = "DPS_926_Assignment_1.iOS", "DPS_926_Assignment_1\DPS_926_Assignment_1.iOS\DPS_926_Assignment_1.iOS.csproj", "{2B725A08-3EEA-425E-AAA7-E4D08A57DD16}"
EndProject
Project("{FAE04EC0-301F-11D3-BF4B-00C04F79EFBC}") = "DPS_926_Assignment_1", "DPS_926_Assignment_1\DPS_926_Assignment_1\DPS_926_Assignment_1.csproj", "{5618C527-CB43-4067-8DDC-6ADA9DEFCA1D}"
EndProject
Global
	GlobalSection(SolutionConfigurationPlatforms) = preSolution
		Debug|Any CPU = Debug|Any CPU
		Debug|iPhone = Debug|iPhone
		Debug|iPhoneSimulator = Debug|iPhoneSimulator
		Release|Any CPU = Release|Any CPU
		Release|iPhone = Release|iPhone
		Release|iPhoneSimulator = Release|iPhoneSimulator
	EndGlobalSection
	GlobalSection(ProjectConfigurationPlatforms) = postSolution
		{05ADA766-E369-42FC-B36F-9945FA17D5D4}.Debug|Any CPU.ActiveCfg = Debug|Any CPU
		{05ADA766-E369-42FC-B36F-9945FA17D5D4}.Debug|Any CPU.Build.0 = Debug|Any CPU
		{05ADA766-E369-42FC-B36F-9945FA17D5D4}.Debug|Any CPU.Deploy.0 = Debug|Any CPU
		{05ADA766-E369-42FC-B36F-9945FA17D5D4}.Debug|iPhone.ActiveCfg = Debug|Any CPU
		{05ADA766-E369-42FC-B36F-9945FA17D5D4}.Debug|iPhone.Build.0 = Debug|Any CPU
		{05ADA766-E369-42FC-B36F-9945FA17D5D4}.Debug|iPhone.Deploy.0 = Debug|Any CPU
		{05ADA766-E369-42FC-B36F-9945FA17D5D4}.Debug|iPhoneSimulator.ActiveCfg = Debug|Any CPU
		{05ADA766-E369-42FC-B36F-9945FA17D5D4}.Debug|iPhoneSimulator.Build.0 = Debug|Any CPU
		{05ADA766-E369-42FC-B36F-9945FA17D5D4}.Debug|iPhoneSimulator.Deploy.0 = Debug|Any CPU
		{05ADA766-E369-42FC-B36F-9945FA17D5D4}.Release|Any CPU.ActiveCfg = Release|Any CPU
		{05ADA766-E369-42FC-B36F-9945FA17D5D4}.Release|Any CPU.Build.0 = Release|Any CPU
		{05ADA766-E369-42FC-B36F-9945FA17D5D4}.Release|Any CPU.Deploy.0 = Release|Any CPU
		{05ADA766-E369-42FC-B36F-9945FA17D5D4}.Release|iPhone.ActiveCfg = Release|Any CPU
		{05ADA766-E369-42FC-B36F-9945FA17D5D4}.Release|iPhone.Build.0 = Release|Any CPU
		{05ADA766-E369-42FC-B36F-9945FA17D5D4}.Release|iPhone.Deploy.0 = Release|Any CPU
		{05ADA766-E369-42FC-B36F-9945FA17D5D4}.Release|iPhoneSimulator.ActiveCfg = Release|Any CPU
		{05ADA766-E369-42FC-B36F-9945FA17D5D4}.Release|iPhoneSimulator.Build.0 = Release|Any CPU
		{05ADA766-E369-42FC-B36F-9945FA17D5D4}.Release|iPhoneSimulator.Deploy.0 = Release|Any CPU
		{2B725A08-3EEA-425E-AAA7-E4D08A57DD16}.Debug|Any CPU.ActiveCfg = Debug|iPhone
		{2B725A08-3EEA-425E-AAA7-E4D08A57DD16}.Debug|Any CPU.Build.0 = Debug|iPhone
		{2B725A08-3EEA-425E-AAA7-E4D08A57DD16}.Debug|Any CPU.Deploy.0 = Debug|iPhone
		{2B725A08-3EEA-425E-AAA7-E4D08A57DD16}.Debug|iPhone.ActiveCfg = Debug|iPhone
		{2B725A08-3EEA-425E-AAA7-E4D08A57DD16}.Debug|iPhone.Build.0 = Debug|iPhone
		{2B725A08-3EEA-425E-AAA7-E4D08A57DD16}.Debug|iPhone.Deploy.0 = Debug|iPhone
		{2B725A08-3EEA-425E-AAA7-E4D08A57DD16}.Debug|iPhoneSimulator.ActiveCfg = Debug|iPhoneSimulator
		{2B725A08-3EEA-425E-AAA7-E4D08A57DD16}.Debug|iPhoneSimulator.Build.0 = Debug|iPhoneSimulator
		{2B725A08-3EEA-425E-AAA7-E4D08A57DD16}.Debug|iPhoneSimulator.Deploy.0 = Debug|iPhoneSimulator
		{2B725A08-3EEA-425E-AAA7-E4D08A57DD16}.Release|Any CPU.ActiveCfg = Release|iPhoneSimulator
		{2B725A08-3EEA-425E-AAA7-E4D08A57DD16}.Release|Any CPU.Build.0 = Release|iPhoneSimulator
		{2B725A08-3EEA-425E-AAA7-E4D08A57DD16}.Release|Any CPU.Deploy.0 = Release|iPhoneSimulator
		{2B725A08-3EEA-425E-AAA7-E4D08A57DD16}.Release|iPhone.ActiveCfg = Release|iPhone
		{2B725A08-3EEA-425E-AAA7-E4D08A57DD16}.Release|iPhone.Build.0 = Release|iPhone
		{2B725A08-3EEA-425E-AAA7-E4D08A57DD16}.Release|iPhone.Deploy.0 = Release|iPhone
		{2B725A08-3EEA-425E-AAA7-E4D08A57DD16}.Release|iPhoneSimulator.ActiveCfg = Release|iPhoneSimulator
		{2B725A08-3EEA-425E-AAA7-E4D08A57DD16}.Release|iPhoneSimulator.Build.0 = Release|iPhoneSimulator
		{2B725A08-3EEA-425E-AAA7-E4D08A57DD16}.Release|iPhoneSimulator.Deploy.0 = Release|iPhoneSimulator
		{5618C527-CB43-4067-8DDC-6ADA9DEFCA1D}.Debug|Any CPU.ActiveCfg = Debug|Any CPU
		{5618C527-CB43-4067-8DDC-6ADA9DEFCA1D}.Debug|Any CPU.Build.0 = Debug|Any CPU
		{5618C527-CB43-4067-8DDC-6ADA9DEFCA1D}.Debug|Any CPU.Deploy.0 = Debug|Any CPU
		{5618C527-CB43-4067-8DDC-6ADA9DEFCA1D}.Debug|iPhone.ActiveCfg = Debug|Any CPU
		{5618C527-CB43-4067-8DDC-6ADA9DEFCA1D}.Debug|iPhone.Build.0 = Debug|Any CPU
		{5618C527-CB43-4067-8DDC-6ADA9DEFCA1D}.Debug|iPhone.Deploy.0 = Debug|Any CPU
		{5618C527-CB43-4067-8DDC-6ADA9DEFCA1D}.Debug|iPhoneSimulator.ActiveCfg = Debug|Any CPU
		{5618C527-CB43-4067-8DDC-6ADA9DEFCA1D}.Debug|iPhoneSimulator.Build.0 = Debug|Any CPU
		{5618C527-CB43-4067-8DDC-6ADA9DEFCA1D}.Debug|iPhoneSimulator.Deploy.0 = Debug|Any CPU
		{5618C527-CB43-4067-8DDC-6ADA9DEFCA1D}.Release|Any CPU.ActiveCfg = Release|Any CPU
		{5618C527-CB43-4067-8DDC-6ADA9DEFCA1D}.Release|Any CPU.Build.0 = Release|Any CPU
		{5618C527-CB43-4067-8DDC-6ADA9DEFCA1D}.Release|Any CPU.Deploy.0 = Release|Any CPU
		{5618C527-CB43-4067-8DDC-6ADA9DEFCA1D}.Release|iPhone.ActiveCfg = Release|Any CPU
		{5618C527-CB43-4067-8DDC-6ADA9DEFCA1D}.Release|iPhone.Build.0 = Release|Any CPU
		{5618C527-CB43-4067-8DDC-6ADA9DEFCA1D}.Release|iPhone.Deploy.0 = Release|Any CPU
		{5618C527-CB43-4067-8DDC-6ADA9DEFCA1D}.Release|iPhoneSimulator.ActiveCfg = Release|Any CPU
		{5618C527-CB43-4067-8DDC-6ADA9DEFCA1D}.Release|iPhoneSimulator.Build.0 = Release|Any CPU
		{5618C527-CB43-4067-8DDC-6ADA9DEFCA1D}.Release|iPhoneSimulator.Deploy.0 = Release|Any CPU
	EndGlobalSection
	GlobalSection(SolutionProperties) = preSolution
		HideSolutionNode = FALSE
	EndGlobalSection
	GlobalSection(ExtensibilityGlobals) = postSolution
		SolutionGuid = {8DA40F0A-5D10-402B-8FF5-D273AD85BE76}
	EndGlobalSection
EndGlobal
